
Microsoft Visual Studio Solution File, Format Version 12.00
# Visual Studio Version 17
VisualStudioVersion = 17.11.35327.3
MinimumVisualStudioVersion = 10.0.40219.1
Project("{9A19103F-16F7-4668-BE54-9A1E7A4F7556}") = "WebApplication10", "WebApplication10\WebApplication10.csproj", "{EBE10B7D-5066-4012-8E82-0F029101C3ED}"
EndProject
Project("{9A19103F-16F7-4668-BE54-9A1E7A4F7556}") = "QA.API", "..\..\QA_APPLICATION\QA.API\QA.API\QA.API.csproj", "{BA81D9AA-2160-4CB1-9FA3-14557141AC1E}"
EndProject
Global
	GlobalSection(SolutionConfigurationPlatforms) = preSolution
		Debug|Any CPU = Debug|Any CPU
		Release|Any CPU = Release|Any CPU
	EndGlobalSection
	GlobalSection(ProjectConfigurationPlatforms) = postSolution
		{EBE10B7D-5066-4012-8E82-0F029101C3ED}.Debug|Any CPU.ActiveCfg = Debug|Any CPU
		{EBE10B7D-5066-4012-8E82-0F029101C3ED}.Debug|Any CPU.Build.0 = Debug|Any CPU
		{EBE10B7D-5066-4012-8E82-0F029101C3ED}.Release|Any CPU.ActiveCfg = Release|Any CPU
		{EBE10B7D-5066-4012-8E82-0F029101C3ED}.Release|Any CPU.Build.0 = Release|Any CPU
		{BA81D9AA-2160-4CB1-9FA3-14557141AC1E}.Debug|Any CPU.ActiveCfg = Debug|Any CPU
		{BA81D9AA-2160-4CB1-9FA3-14557141AC1E}.Debug|Any CPU.Build.0 = Debug|Any CPU
		{BA81D9AA-2160-4CB1-9FA3-14557141AC1E}.Release|Any CPU.ActiveCfg = Release|Any CPU
		{BA81D9AA-2160-4CB1-9FA3-14557141AC1E}.Release|Any CPU.Build.0 = Release|Any CPU
	EndGlobalSection
	GlobalSection(SolutionProperties) = preSolution
		HideSolutionNode = FALSE
	EndGlobalSection
	GlobalSection(ExtensibilityGlobals) = postSolution
		SolutionGuid = {EE4ED172-AECE-4660-9D73-39E1B44D461C}
	EndGlobalSection
EndGlobal
